
Microsoft Visual Studio Solution File, Format Version 12.00
# Visual Studio Version 17
VisualStudioVersion = 17.2.32630.192
MinimumVisualStudioVersion = 10.0.40219.1
Project("{FAE04EC0-301F-11D3-BF4B-00C04F79EFBC}") = "MVC.App", "MVC.App\MVC.App.csproj", "{70C6BE15-EF07-4894-8CDC-37D614F8D88C}"
EndProject
Global
	GlobalSection(SolutionConfigurationPlatforms) = preSolution
		Debug|Any CPU = Debug|Any CPU
		Release|Any CPU = Release|Any CPU
	EndGlobalSection
	GlobalSection(ProjectConfigurationPlatforms) = postSolution
		{70C6BE15-EF07-4894-8CDC-37D614F8D88C}.Debug|Any CPU.ActiveCfg = Debug|Any CPU
		{70C6BE15-EF07-4894-8CDC-37D614F8D88C}.Debug|Any CPU.Build.0 = Debug|Any CPU
		{70C6BE15-EF07-4894-8CDC-37D614F8D88C}.Release|Any CPU.ActiveCfg = Release|Any CPU
		{70C6BE15-EF07-4894-8CDC-37D614F8D88C}.Release|Any CPU.Build.0 = Release|Any CPU
	EndGlobalSection
	GlobalSection(SolutionProperties) = preSolution
		HideSolutionNode = FALSE
	EndGlobalSection
	GlobalSection(ExtensibilityGlobals) = postSolution
		SolutionGuid = {010BA283-0225-4334-9ED0-39D27602728A}
	EndGlobalSection
EndGlobal
